
Microsoft Visual Studio Solution File, Format Version 12.00
# Visual Studio Version 16
VisualStudioVersion = 16.0.31729.503
MinimumVisualStudioVersion = 10.0.40219.1
Project("{FAE04EC0-301F-11D3-BF4B-00C04F79EFBC}") = "Recursion_base", "Recursion_base.csproj", "{A65FF275-85FE-4977-A19F-BC417E3F79C9}"
EndProject
Global
	GlobalSection(SolutionConfigurationPlatforms) = preSolution
		Debug|Any CPU = Debug|Any CPU
		Release|Any CPU = Release|Any CPU
	EndGlobalSection
	GlobalSection(ProjectConfigurationPlatforms) = postSolution
		{A65FF275-85FE-4977-A19F-BC417E3F79C9}.Debug|Any CPU.ActiveCfg = Debug|Any CPU
		{A65FF275-85FE-4977-A19F-BC417E3F79C9}.Debug|Any CPU.Build.0 = Debug|Any CPU
		{A65FF275-85FE-4977-A19F-BC417E3F79C9}.Release|Any CPU.ActiveCfg = Release|Any CPU
		{A65FF275-85FE-4977-A19F-BC417E3F79C9}.Release|Any CPU.Build.0 = Release|Any CPU
	EndGlobalSection
	GlobalSection(SolutionProperties) = preSolution
		HideSolutionNode = FALSE
	EndGlobalSection
	GlobalSection(ExtensibilityGlobals) = postSolution
		SolutionGuid = {40D647E3-F0A7-442A-9B52-DE0AB37BB108}
	EndGlobalSection
EndGlobal
